
Microsoft Visual Studio Solution File, Format Version 12.00
# Visual Studio 15
VisualStudioVersion = 15.0.27703.2000
MinimumVisualStudioVersion = 10.0.40219.1
Project("{FAE04EC0-301F-11D3-BF4B-00C04F79EFBC}") = "BenefitCostCalculator.Test", "BenefitCostCalculator.Test\BenefitCostCalculator.Test.csproj", "{6A741D5B-F7F9-4E86-B9AE-212E41CCA970}"
EndProject
Global
	GlobalSection(SolutionConfigurationPlatforms) = preSolution
		Debug|Any CPU = Debug|Any CPU
		Release|Any CPU = Release|Any CPU
	EndGlobalSection
	GlobalSection(ProjectConfigurationPlatforms) = postSolution
		{6A741D5B-F7F9-4E86-B9AE-212E41CCA970}.Debug|Any CPU.ActiveCfg = Debug|Any CPU
		{6A741D5B-F7F9-4E86-B9AE-212E41CCA970}.Debug|Any CPU.Build.0 = Debug|Any CPU
		{6A741D5B-F7F9-4E86-B9AE-212E41CCA970}.Release|Any CPU.ActiveCfg = Release|Any CPU
		{6A741D5B-F7F9-4E86-B9AE-212E41CCA970}.Release|Any CPU.Build.0 = Release|Any CPU
	EndGlobalSection
	GlobalSection(SolutionProperties) = preSolution
		HideSolutionNode = FALSE
	EndGlobalSection
	GlobalSection(ExtensibilityGlobals) = postSolution
		SolutionGuid = {3DC3F593-5CAE-41DB-A916-709D42DC858D}
	EndGlobalSection
EndGlobal
